// !$*UTF8*$!
{
	archiveVersion = 1;
	classes = {
	};
	objectVersion = 46;
	objects = {

/* Begin PBXBuildFile section */
		B5331538159A576500795CAC /* Cocoa.framework in Frameworks */ = {isa = PBXBuildFile; fileRef = B5331537159A576500795CAC /* Cocoa.framework */; };
		B5331542159A576500795CAC /* InfoPlist.strings in Resources */ = {isa = PBXBuildFile; fileRef = B5331540159A576500795CAC /* InfoPlist.strings */; };
		B5331544159A576500795CAC /* main.m in Sources */ = {isa = PBXBuildFile; fileRef = B5331543159A576500795CAC /* main.m */; };
		B5331548159A576500795CAC /* Credits.rtf in Resources */ = {isa = PBXBuildFile; fileRef = B5331546159A576500795CAC /* Credits.rtf */; };
		B533154B159A576500795CAC /* BNRDocument.m in Sources */ = {isa = PBXBuildFile; fileRef = B533154A159A576500795CAC /* BNRDocument.m */; };
		B533154E159A576500795CAC /* BNRDocument.xib in Resources */ = {isa = PBXBuildFile; fileRef = B533154C159A576500795CAC /* BNRDocument.xib */; };
		B5331551159A576500795CAC /* MainMenu.xib in Resources */ = {isa = PBXBuildFile; fileRef = B533154F159A576500795CAC /* MainMenu.xib */; };
/* End PBXBuildFile section */

/* Begin PBXFileReference section */
		B5331533159A576500795CAC /* TahDoodle.app */ = {isa = PBXFileReference; explicitFileType = wrapper.application; includeInIndex = 0; path = TahDoodle.app; sourceTree = BUILT_PRODUCTS_DIR; };
		B5331537159A576500795CAC /* Cocoa.framework */ = {isa = PBXFileReference; lastKnownFileType = wrapper.framework; name = Cocoa.framework; path = System/Library/Frameworks/Cocoa.framework; sourceTree = SDKROOT; };
		B533153A159A576500795CAC /* AppKit.framework */ = {isa = PBXFileReference; lastKnownFileType = wrapper.framework; name = AppKit.framework; path = System/Library/Frameworks/AppKit.framework; sourceTree = SDKROOT; };
		B533153B159A576500795CAC /* CoreData.framework */ = {isa = PBXFileReference; lastKnownFileType = wrapper.framework; name = CoreData.framework; path = System/Library/Frameworks/CoreData.framework; sourceTree = SDKROOT; };
		B533153C159A576500795CAC /* Foundation.framework */ = {isa = PBXFileReference; lastKnownFileType = wrapper.framework; name = Foundation.framework; path = System/Library/Frameworks/Foundation.framework; sourceTree = SDKROOT; };
		B533153F159A576500795CAC /* TahDoodle-Info.plist */ = {isa = PBXFileReference; lastKnownFileType = text.plist.xml; path = "TahDoodle-Info.plist"; sourceTree = "<group>"; };
		B5331541159A576500795CAC /* en */ = {isa = PBXFileReference; lastKnownFileType = text.plist.strings; name = en; path = en.lproj/InfoPlist.strings; sourceTree = "<group>"; };
		B5331543159A576500795CAC /* main.m */ = {isa = PBXFileReference; lastKnownFileType = sourcecode.c.objc; path = main.m; sourceTree = "<group>"; };
		B5331545159A576500795CAC /* TahDoodle-Prefix.pch */ = {isa = PBXFileReference; lastKnownFileType = sourcecode.c.h; path = "TahDoodle-Prefix.pch"; sourceTree = "<group>"; };
		B5331547159A576500795CAC /* en */ = {isa = PBXFileReference; lastKnownFileType = text.rtf; name = en; path = en.lproj/Credits.rtf; sourceTree = "<group>"; };
		B5331549159A576500795CAC /* BNRDocument.h */ = {isa = PBXFileReference; lastKnownFileType = sourcecode.c.h; path = BNRDocument.h; sourceTree = "<group>"; };
		B533154A159A576500795CAC /* BNRDocument.m */ = {isa = PBXFileReference; lastKnownFileType = sourcecode.c.objc; path = BNRDocument.m; sourceTree = "<group>"; };
		B533154D159A576500795CAC /* en */ = {isa = PBXFileReference; lastKnownFileType = file.xib; name = en; path = en.lproj/BNRDocument.xib; sourceTree = "<group>"; };
		B5331550159A576500795CAC /* en */ = {isa = PBXFileReference; lastKnownFileType = file.xib; name = en; path = en.lproj/MainMenu.xib; sourceTree = "<group>"; };
/* End PBXFileReference section */

/* Begin PBXFrameworksBuildPhase section */
		B5331530159A576500795CAC /* Frameworks */ = {
			isa = PBXFrameworksBuildPhase;
			buildActionMask = 2147483647;
			files = (
				B5331538159A576500795CAC /* Cocoa.framework in Frameworks */,
			);
			runOnlyForDeploymentPostprocessing = 0;
		};
/* End PBXFrameworksBuildPhase section */

/* Begin PBXGroup section */
		B5331528159A576500795CAC = {
			isa = PBXGroup;
			children = (
				B533153D159A576500795CAC /* TahDoodle */,
				B5331536159A576500795CAC /* Frameworks */,
				B5331534159A576500795CAC /* Products */,
			);
			sourceTree = "<group>";
		};
		B5331534159A576500795CAC /* Products */ = {
			isa = PBXGroup;
			children = (
				B5331533159A576500795CAC /* TahDoodle.app */,
			);
			name = Products;
			sourceTree = "<group>";
		};
		B5331536159A576500795CAC /* Frameworks */ = {
			isa = PBXGroup;
			children = (
				B5331537159A576500795CAC /* Cocoa.framework */,
				B5331539159A576500795CAC /* Other Frameworks */,
			);
			name = Frameworks;
			sourceTree = "<group>";
		};
		B5331539159A576500795CAC /* Other Frameworks */ = {
			isa = PBXGroup;
			children = (
				B533153A159A576500795CAC /* AppKit.framework */,
				B533153B159A576500795CAC /* CoreData.framework */,
				B533153C159A576500795CAC /* Foundation.framework */,
			);
			name = "Other Frameworks";
			sourceTree = "<group>";
		};
		B533153D159A576500795CAC /* TahDoodle */ = {
			isa = PBXGroup;
			children = (
				B5331549159A576500795CAC /* BNRDocument.h */,
				B533154A159A576500795CAC /* BNRDocument.m */,
				B533154C159A576500795CAC /* BNRDocument.xib */,
				B533154F159A576500795CAC /* MainMenu.xib */,
				B533153E159A576500795CAC /* Supporting Files */,
			);
			path = TahDoodle;
			sourceTree = "<group>";
		};
		B533153E159A576500795CAC /* Supporting Files */ = {
			isa = PBXGroup;
			children = (
				B533153F159A576500795CAC /* TahDoodle-Info.plist */,
				B5331540159A576500795CAC /* InfoPlist.strings */,
				B5331543159A576500795CAC /* main.m */,
				B5331545159A576500795CAC /* TahDoodle-Prefix.pch */,
				B5331546159A576500795CAC /* Credits.rtf */,
			);
			name = "Supporting Files";
			sourceTree = "<group>";
		};
/* End PBXGroup section */

/* Begin PBXNativeTarget section */
		B5331532159A576500795CAC /* TahDoodle */ = {
			isa = PBXNativeTarget;
			buildConfigurationList = B5331554159A576500795CAC /* Build configuration list for PBXNativeTarget "TahDoodle" */;
			buildPhases = (
				B533152F159A576500795CAC /* Sources */,
				B5331530159A576500795CAC /* Frameworks */,
				B5331531159A576500795CAC /* Resources */,
			);
			buildRules = (
			);
			dependencies = (
			);
			name = TahDoodle;
			productName = TahDoodle;
			productReference = B5331533159A576500795CAC /* TahDoodle.app */;
			productType = "com.apple.product-type.application";
		};
/* End PBXNativeTarget section */

/* Begin PBXProject section */
		B533152A159A576500795CAC /* Project object */ = {
			isa = PBXProject;
			attributes = {
				CLASSPREFIX = BNR;
				LastUpgradeCheck = 0430;
			};
			buildConfigurationList = B533152D159A576500795CAC /* Build configuration list for PBXProject "TahDoodle" */;
			compatibilityVersion = "Xcode 3.2";
			developmentRegion = English;
			hasScannedForEncodings = 0;
			knownRegions = (
				en,
			);
			mainGroup = B5331528159A576500795CAC;
			productRefGroup = B5331534159A576500795CAC /* Products */;
			projectDirPath = "";
			projectRoot = "";
			targets = (
				B5331532159A576500795CAC /* TahDoodle */,
			);
		};
/* End PBXProject section */

/* Begin PBXResourcesBuildPhase section */
		B5331531159A576500795CAC /* Resources */ = {
			isa = PBXResourcesBuildPhase;
			buildActionMask = 2147483647;
			files = (
				B5331542159A576500795CAC /* InfoPlist.strings in Resources */,
				B5331548159A576500795CAC /* Credits.rtf in Resources */,
				B533154E159A576500795CAC /* BNRDocument.xib in Resources */,
				B5331551159A576500795CAC /* MainMenu.xib in Resources */,
			);
			runOnlyForDeploymentPostprocessing = 0;
		};
/* End PBXResourcesBuildPhase section */

/* Begin PBXSourcesBuildPhase section */
		B533152F159A576500795CAC /* Sources */ = {
			isa = PBXSourcesBuildPhase;
			buildActionMask = 2147483647;
			files = (
				B5331544159A576500795CAC /* main.m in Sources */,
				B533154B159A576500795CAC /* BNRDocument.m in Sources */,
			);
			runOnlyForDeploymentPostprocessing = 0;
		};
/* End PBXSourcesBuildPhase section */

/* Begin PBXVariantGroup section */
		B5331540159A576500795CAC /* InfoPlist.strings */ = {
			isa = PBXVariantGroup;
			children = (
				B5331541159A576500795CAC /* en */,
			);
			name = InfoPlist.strings;
			sourceTree = "<group>";
		};
		B5331546159A576500795CAC /* Credits.rtf */ = {
			isa = PBXVariantGroup;
			children = (
				B5331547159A576500795CAC /* en */,
			);
			name = Credits.rtf;
			sourceTree = "<group>";
		};
		B533154C159A576500795CAC /* BNRDocument.xib */ = {
			isa = PBXVariantGroup;
			children = (
				B533154D159A576500795CAC /* en */,
			);
			name = BNRDocument.xib;
			sourceTree = "<group>";
		};
		B533154F159A576500795CAC /* MainMenu.xib */ = {
			isa = PBXVariantGroup;
			children = (
				B5331550159A576500795CAC /* en */,
			);
			name = MainMenu.xib;
			sourceTree = "<group>";
		};
/* End PBXVariantGroup section */

/* Begin XCBuildConfiguration section */
		B5331552159A576500795CAC /* Debug */ = {
			isa = XCBuildConfiguration;
			buildSettings = {
				ALWAYS_SEARCH_USER_PATHS = NO;
				ARCHS = "$(ARCHS_STANDARD_64_BIT)";
				CLANG_ENABLE_OBJC_ARC = YES;
				COPY_PHASE_STRIP = NO;
				GCC_C_LANGUAGE_STANDARD = gnu99;
				GCC_DYNAMIC_NO_PIC = NO;
				GCC_ENABLE_OBJC_EXCEPTIONS = YES;
				GCC_OPTIMIZATION_LEVEL = 0;
				GCC_PREPROCESSOR_DEFINITIONS = (
					"DEBUG=1",
					"$(inherited)",
				);
				GCC_SYMBOLS_PRIVATE_EXTERN = NO;
				GCC_VERSION = com.apple.compilers.llvm.clang.1_0;
				GCC_WARN_64_TO_32_BIT_CONVERSION = YES;
				GCC_WARN_ABOUT_RETURN_TYPE = YES;
				GCC_WARN_UNINITIALIZED_AUTOS = YES;
				GCC_WARN_UNUSED_VARIABLE = YES;
				MACOSX_DEPLOYMENT_TARGET = 10.7;
				ONLY_ACTIVE_ARCH = YES;
				SDKROOT = macosx;
			};
			name = Debug;
		};
		B5331553159A576500795CAC /* Release */ = {
			isa = XCBuildConfiguration;
			buildSettings = {
				ALWAYS_SEARCH_USER_PATHS = NO;
				ARCHS = "$(ARCHS_STANDARD_64_BIT)";
				CLANG_ENABLE_OBJC_ARC = YES;
				COPY_PHASE_STRIP = YES;
				DEBUG_INFORMATION_FORMAT = "dwarf-with-dsym";
				GCC_C_LANGUAGE_STANDARD = gnu99;
				GCC_ENABLE_OBJC_EXCEPTIONS = YES;
				GCC_VERSION = com.apple.compilers.llvm.clang.1_0;
				GCC_WARN_64_TO_32_BIT_CONVERSION = YES;
				GCC_WARN_ABOUT_RETURN_TYPE = YES;
				GCC_WARN_UNINITIALIZED_AUTOS = YES;
				GCC_WARN_UNUSED_VARIABLE = YES;
				MACOSX_DEPLOYMENT_TARGET = 10.7;
				SDKROOT = macosx;
			};
			name = Release;
		};
		B5331555159A576500795CAC /* Debug */ = {
			isa = XCBuildConfiguration;
			buildSettings = {
				GCC_PRECOMPILE_PREFIX_HEADER = YES;
				GCC_PREFIX_HEADER = "TahDoodle/TahDoodle-Prefix.pch";
				INFOPLIST_FILE = "TahDoodle/TahDoodle-Info.plist";
				PRODUCT_NAME = "$(TARGET_NAME)";
				WRAPPER_EXTENSION = app;
			};
			name = Debug;
		};
		B5331556159A576500795CAC /* Release */ = {
			isa = XCBuildConfiguration;
			buildSettings = {
				GCC_PRECOMPILE_PREFIX_HEADER = YES;
				GCC_PREFIX_HEADER = "TahDoodle/TahDoodle-Prefix.pch";
				INFOPLIST_FILE = "TahDoodle/TahDoodle-Info.plist";
				PRODUCT_NAME = "$(TARGET_NAME)";
				WRAPPER_EXTENSION = app;
			};
			name = Release;
		};
/* End XCBuildConfiguration section */

/* Begin XCConfigurationList section */
		B533152D159A576500795CAC /* Build configuration list for PBXProject "TahDoodle" */ = {
			isa = XCConfigurationList;
			buildConfigurations = (
				B5331552159A576500795CAC /* Debug */,
				B5331553159A576500795CAC /* Release */,
			);
			defaultConfigurationIsVisible = 0;
			defaultConfigurationName = Release;
		};
		B5331554159A576500795CAC /* Build configuration list for PBXNativeTarget "TahDoodle" */ = {
			isa = XCConfigurationList;
			buildConfigurations = (
				B5331555159A576500795CAC /* Debug */,
				B5331556159A576500795CAC /* Release */,
			);
			defaultConfigurationIsVisible = 0;
		};
/* End XCConfigurationList section */
	};
	rootObject = B533152A159A576500795CAC /* Project object */;
}
