// !$*UTF8*$!
{
	archiveVersion = 1;
	classes = {
	};
	objectVersion = 46;
	objects = {

/* Begin PBXBuildFile section */
		B542D066155C77A400DA78C7 /* Foundation.framework in Frameworks */ = {isa = PBXBuildFile; fileRef = B542D065155C77A400DA78C7 /* Foundation.framework */; };
		B542D069155C77A400DA78C7 /* main.m in Sources */ = {isa = PBXBuildFile; fileRef = B542D068155C77A400DA78C7 /* main.m */; };
		B542D06D155C77A400DA78C7 /* CH13.1 in CopyFiles */ = {isa = PBXBuildFile; fileRef = B542D06C155C77A400DA78C7 /* CH13.1 */; };
/* End PBXBuildFile section */

/* Begin PBXCopyFilesBuildPhase section */
		B542D05F155C77A400DA78C7 /* CopyFiles */ = {
			isa = PBXCopyFilesBuildPhase;
			buildActionMask = 2147483647;
			dstPath = /usr/share/man/man1/;
			dstSubfolderSpec = 0;
			files = (
				B542D06D155C77A400DA78C7 /* CH13.1 in CopyFiles */,
			);
			runOnlyForDeploymentPostprocessing = 1;
		};
/* End PBXCopyFilesBuildPhase section */

/* Begin PBXFileReference section */
		B542D061155C77A400DA78C7 /* CH13 */ = {isa = PBXFileReference; explicitFileType = "compiled.mach-o.executable"; includeInIndex = 0; path = CH13; sourceTree = BUILT_PRODUCTS_DIR; };
		B542D065155C77A400DA78C7 /* Foundation.framework */ = {isa = PBXFileReference; lastKnownFileType = wrapper.framework; name = Foundation.framework; path = System/Library/Frameworks/Foundation.framework; sourceTree = SDKROOT; };
		B542D068155C77A400DA78C7 /* main.m */ = {isa = PBXFileReference; lastKnownFileType = sourcecode.c.objc; path = main.m; sourceTree = "<group>"; };
		B542D06B155C77A400DA78C7 /* CH13-Prefix.pch */ = {isa = PBXFileReference; lastKnownFileType = sourcecode.c.h; path = "CH13-Prefix.pch"; sourceTree = "<group>"; };
		B542D06C155C77A400DA78C7 /* CH13.1 */ = {isa = PBXFileReference; lastKnownFileType = text.man; path = CH13.1; sourceTree = "<group>"; };
/* End PBXFileReference section */

/* Begin PBXFrameworksBuildPhase section */
		B542D05E155C77A400DA78C7 /* Frameworks */ = {
			isa = PBXFrameworksBuildPhase;
			buildActionMask = 2147483647;
			files = (
				B542D066155C77A400DA78C7 /* Foundation.framework in Frameworks */,
			);
			runOnlyForDeploymentPostprocessing = 0;
		};
/* End PBXFrameworksBuildPhase section */

/* Begin PBXGroup section */
		B542D056155C77A400DA78C7 = {
			isa = PBXGroup;
			children = (
				B542D067155C77A400DA78C7 /* CH13 */,
				B542D064155C77A400DA78C7 /* Frameworks */,
				B542D062155C77A400DA78C7 /* Products */,
			);
			sourceTree = "<group>";
		};
		B542D062155C77A400DA78C7 /* Products */ = {
			isa = PBXGroup;
			children = (
				B542D061155C77A400DA78C7 /* CH13 */,
			);
			name = Products;
			sourceTree = "<group>";
		};
		B542D064155C77A400DA78C7 /* Frameworks */ = {
			isa = PBXGroup;
			children = (
				B542D065155C77A400DA78C7 /* Foundation.framework */,
			);
			name = Frameworks;
			sourceTree = "<group>";
		};
		B542D067155C77A400DA78C7 /* CH13 */ = {
			isa = PBXGroup;
			children = (
				B542D068155C77A400DA78C7 /* main.m */,
				B542D06C155C77A400DA78C7 /* CH13.1 */,
				B542D06A155C77A400DA78C7 /* Supporting Files */,
			);
			path = CH13;
			sourceTree = "<group>";
		};
		B542D06A155C77A400DA78C7 /* Supporting Files */ = {
			isa = PBXGroup;
			children = (
				B542D06B155C77A400DA78C7 /* CH13-Prefix.pch */,
			);
			name = "Supporting Files";
			sourceTree = "<group>";
		};
/* End PBXGroup section */

/* Begin PBXNativeTarget section */
		B542D060155C77A400DA78C7 /* CH13 */ = {
			isa = PBXNativeTarget;
			buildConfigurationList = B542D070155C77A400DA78C7 /* Build configuration list for PBXNativeTarget "CH13" */;
			buildPhases = (
				B542D05D155C77A400DA78C7 /* Sources */,
				B542D05E155C77A400DA78C7 /* Frameworks */,
				B542D05F155C77A400DA78C7 /* CopyFiles */,
			);
			buildRules = (
			);
			dependencies = (
			);
			name = CH13;
			productName = CH13;
			productReference = B542D061155C77A400DA78C7 /* CH13 */;
			productType = "com.apple.product-type.tool";
		};
/* End PBXNativeTarget section */

/* Begin PBXProject section */
		B542D058155C77A400DA78C7 /* Project object */ = {
			isa = PBXProject;
			attributes = {
				LastUpgradeCheck = 0430;
			};
			buildConfigurationList = B542D05B155C77A400DA78C7 /* Build configuration list for PBXProject "CH13" */;
			compatibilityVersion = "Xcode 3.2";
			developmentRegion = English;
			hasScannedForEncodings = 0;
			knownRegions = (
				en,
			);
			mainGroup = B542D056155C77A400DA78C7;
			productRefGroup = B542D062155C77A400DA78C7 /* Products */;
			projectDirPath = "";
			projectRoot = "";
			targets = (
				B542D060155C77A400DA78C7 /* CH13 */,
			);
		};
/* End PBXProject section */

/* Begin PBXSourcesBuildPhase section */
		B542D05D155C77A400DA78C7 /* Sources */ = {
			isa = PBXSourcesBuildPhase;
			buildActionMask = 2147483647;
			files = (
				B542D069155C77A400DA78C7 /* main.m in Sources */,
			);
			runOnlyForDeploymentPostprocessing = 0;
		};
/* End PBXSourcesBuildPhase section */

/* Begin XCBuildConfiguration section */
		B542D06E155C77A400DA78C7 /* Debug */ = {
			isa = XCBuildConfiguration;
			buildSettings = {
				ALWAYS_SEARCH_USER_PATHS = NO;
				ARCHS = "$(ARCHS_STANDARD_64_BIT)";
				CLANG_ENABLE_OBJC_ARC = YES;
				COPY_PHASE_STRIP = NO;
				GCC_C_LANGUAGE_STANDARD = gnu99;
				GCC_DYNAMIC_NO_PIC = NO;
				GCC_ENABLE_OBJC_EXCEPTIONS = YES;
				GCC_OPTIMIZATION_LEVEL = 0;
				GCC_PREPROCESSOR_DEFINITIONS = (
					"DEBUG=1",
					"$(inherited)",
				);
				GCC_SYMBOLS_PRIVATE_EXTERN = NO;
				GCC_VERSION = com.apple.compilers.llvm.clang.1_0;
				GCC_WARN_64_TO_32_BIT_CONVERSION = YES;
				GCC_WARN_ABOUT_RETURN_TYPE = YES;
				GCC_WARN_UNINITIALIZED_AUTOS = YES;
				GCC_WARN_UNUSED_VARIABLE = YES;
				MACOSX_DEPLOYMENT_TARGET = 10.7;
				ONLY_ACTIVE_ARCH = YES;
				SDKROOT = macosx;
			};
			name = Debug;
		};
		B542D06F155C77A400DA78C7 /* Release */ = {
			isa = XCBuildConfiguration;
			buildSettings = {
				ALWAYS_SEARCH_USER_PATHS = NO;
				ARCHS = "$(ARCHS_STANDARD_64_BIT)";
				CLANG_ENABLE_OBJC_ARC = YES;
				COPY_PHASE_STRIP = YES;
				DEBUG_INFORMATION_FORMAT = "dwarf-with-dsym";
				GCC_C_LANGUAGE_STANDARD = gnu99;
				GCC_ENABLE_OBJC_EXCEPTIONS = YES;
				GCC_VERSION = com.apple.compilers.llvm.clang.1_0;
				GCC_WARN_64_TO_32_BIT_CONVERSION = YES;
				GCC_WARN_ABOUT_RETURN_TYPE = YES;
				GCC_WARN_UNINITIALIZED_AUTOS = YES;
				GCC_WARN_UNUSED_VARIABLE = YES;
				MACOSX_DEPLOYMENT_TARGET = 10.7;
				SDKROOT = macosx;
			};
			name = Release;
		};
		B542D071155C77A400DA78C7 /* Debug */ = {
			isa = XCBuildConfiguration;
			buildSettings = {
				GCC_PRECOMPILE_PREFIX_HEADER = YES;
				GCC_PREFIX_HEADER = "CH13/CH13-Prefix.pch";
				PRODUCT_NAME = "$(TARGET_NAME)";
			};
			name = Debug;
		};
		B542D072155C77A400DA78C7 /* Release */ = {
			isa = XCBuildConfiguration;
			buildSettings = {
				GCC_PRECOMPILE_PREFIX_HEADER = YES;
				GCC_PREFIX_HEADER = "CH13/CH13-Prefix.pch";
				PRODUCT_NAME = "$(TARGET_NAME)";
			};
			name = Release;
		};
/* End XCBuildConfiguration section */

/* Begin XCConfigurationList section */
		B542D05B155C77A400DA78C7 /* Build configuration list for PBXProject "CH13" */ = {
			isa = XCConfigurationList;
			buildConfigurations = (
				B542D06E155C77A400DA78C7 /* Debug */,
				B542D06F155C77A400DA78C7 /* Release */,
			);
			defaultConfigurationIsVisible = 0;
			defaultConfigurationName = Release;
		};
		B542D070155C77A400DA78C7 /* Build configuration list for PBXNativeTarget "CH13" */ = {
			isa = XCConfigurationList;
			buildConfigurations = (
				B542D071155C77A400DA78C7 /* Debug */,
				B542D072155C77A400DA78C7 /* Release */,
			);
			defaultConfigurationIsVisible = 0;
		};
/* End XCConfigurationList section */
	};
	rootObject = B542D058155C77A400DA78C7 /* Project object */;
}
